
Microsoft Visual Studio Solution File, Format Version 12.00
# Visual Studio Version 17
VisualStudioVersion = 17.9.34616.47
MinimumVisualStudioVersion = 10.0.40219.1
Project("{FAE04EC0-301F-11D3-BF4B-00C04F79EFBC}") = "PostApp", "PostApp\PostApp.csproj", "{7136DD9A-D6A1-44A3-AF8B-DC4CFE7BA663}"
EndProject
Global
	GlobalSection(SolutionConfigurationPlatforms) = preSolution
		Debug|Any CPU = Debug|Any CPU
		Release|Any CPU = Release|Any CPU
	EndGlobalSection
	GlobalSection(ProjectConfigurationPlatforms) = postSolution
		{7136DD9A-D6A1-44A3-AF8B-DC4CFE7BA663}.Debug|Any CPU.ActiveCfg = Debug|Any CPU
		{7136DD9A-D6A1-44A3-AF8B-DC4CFE7BA663}.Debug|Any CPU.Build.0 = Debug|Any CPU
		{7136DD9A-D6A1-44A3-AF8B-DC4CFE7BA663}.Release|Any CPU.ActiveCfg = Release|Any CPU
		{7136DD9A-D6A1-44A3-AF8B-DC4CFE7BA663}.Release|Any CPU.Build.0 = Release|Any CPU
	EndGlobalSection
	GlobalSection(SolutionProperties) = preSolution
		HideSolutionNode = FALSE
	EndGlobalSection
	GlobalSection(ExtensibilityGlobals) = postSolution
		SolutionGuid = {906B51E0-28A2-4ED7-B385-B529C9207707}
	EndGlobalSection
EndGlobal
